
Microsoft Visual Studio Solution File, Format Version 12.00
Project("{FAE04EC0-301F-11D3-BF4B-00C04F79EFBC}") = "TABP.Api", "TABP.Api\TABP.Api.csproj", "{61596323-642A-4B53-8C0E-594D10397754}"
EndProject
Project("{FAE04EC0-301F-11D3-BF4B-00C04F79EFBC}") = "TABP.DA", "TABP.DA\TABP.DA.csproj", "{F634B525-AAFF-4007-AD4D-A9FF75E3170E}"
EndProject
Project("{FAE04EC0-301F-11D3-BF4B-00C04F79EFBC}") = "TABP.Application", "TABP.Application\TABP.Application.csproj", "{6E0CB1DD-8DF9-40D7-84EE-82C928275D5E}"
EndProject
Project("{FAE04EC0-301F-11D3-BF4B-00C04F79EFBC}") = "TABP.Shared", "TABP.Shared\TABP.Shared.csproj", "{466F919A-5DA2-46BB-8B53-9BFF38404EF5}"
EndProject
Project("{FAE04EC0-301F-11D3-BF4B-00C04F79EFBC}") = "TABP.Tests", "TABP.Tests\TABP.Tests.csproj", "{79CE4CC7-8759-4A4E-9880-CF5789092FA9}"
EndProject
Global
	GlobalSection(SolutionConfigurationPlatforms) = preSolution
		Debug|Any CPU = Debug|Any CPU
		Release|Any CPU = Release|Any CPU
	EndGlobalSection
	GlobalSection(ProjectConfigurationPlatforms) = postSolution
		{61596323-642A-4B53-8C0E-594D10397754}.Debug|Any CPU.ActiveCfg = Debug|Any CPU
		{61596323-642A-4B53-8C0E-594D10397754}.Debug|Any CPU.Build.0 = Debug|Any CPU
		{61596323-642A-4B53-8C0E-594D10397754}.Release|Any CPU.ActiveCfg = Release|Any CPU
		{61596323-642A-4B53-8C0E-594D10397754}.Release|Any CPU.Build.0 = Release|Any CPU
		{F634B525-AAFF-4007-AD4D-A9FF75E3170E}.Debug|Any CPU.ActiveCfg = Debug|Any CPU
		{F634B525-AAFF-4007-AD4D-A9FF75E3170E}.Debug|Any CPU.Build.0 = Debug|Any CPU
		{F634B525-AAFF-4007-AD4D-A9FF75E3170E}.Release|Any CPU.ActiveCfg = Release|Any CPU
		{F634B525-AAFF-4007-AD4D-A9FF75E3170E}.Release|Any CPU.Build.0 = Release|Any CPU
		{6E0CB1DD-8DF9-40D7-84EE-82C928275D5E}.Debug|Any CPU.ActiveCfg = Debug|Any CPU
		{6E0CB1DD-8DF9-40D7-84EE-82C928275D5E}.Debug|Any CPU.Build.0 = Debug|Any CPU
		{6E0CB1DD-8DF9-40D7-84EE-82C928275D5E}.Release|Any CPU.ActiveCfg = Release|Any CPU
		{6E0CB1DD-8DF9-40D7-84EE-82C928275D5E}.Release|Any CPU.Build.0 = Release|Any CPU
		{466F919A-5DA2-46BB-8B53-9BFF38404EF5}.Debug|Any CPU.ActiveCfg = Debug|Any CPU
		{466F919A-5DA2-46BB-8B53-9BFF38404EF5}.Debug|Any CPU.Build.0 = Debug|Any CPU
		{466F919A-5DA2-46BB-8B53-9BFF38404EF5}.Release|Any CPU.ActiveCfg = Release|Any CPU
		{466F919A-5DA2-46BB-8B53-9BFF38404EF5}.Release|Any CPU.Build.0 = Release|Any CPU
		{79CE4CC7-8759-4A4E-9880-CF5789092FA9}.Debug|Any CPU.ActiveCfg = Debug|Any CPU
		{79CE4CC7-8759-4A4E-9880-CF5789092FA9}.Debug|Any CPU.Build.0 = Debug|Any CPU
		{79CE4CC7-8759-4A4E-9880-CF5789092FA9}.Release|Any CPU.ActiveCfg = Release|Any CPU
		{79CE4CC7-8759-4A4E-9880-CF5789092FA9}.Release|Any CPU.Build.0 = Release|Any CPU
	EndGlobalSection
EndGlobal
